// !$*UTF8*$!
{
	archiveVersion = 1;
	classes = {
	};
	objectVersion = 55;
	objects = {

/* Begin PBXBuildFile section */
		1E56FEE25BA36233F55DC309 /* Pods_MyPostsApp_MyPostsAppUITests.framework in Frameworks */ = {isa = PBXBuildFile; fileRef = 71D4B7AA79F984CF29FBB2AA /* Pods_MyPostsApp_MyPostsAppUITests.framework */; };
		356EA69129B35B8F00F70F81 /* AppDelegate.swift in Sources */ = {isa = PBXBuildFile; fileRef = 356EA69029B35B8F00F70F81 /* AppDelegate.swift */; };
		356EA69329B35B8F00F70F81 /* SceneDelegate.swift in Sources */ = {isa = PBXBuildFile; fileRef = 356EA69229B35B8F00F70F81 /* SceneDelegate.swift */; };
		356EA69829B35B8F00F70F81 /* Main.storyboard in Resources */ = {isa = PBXBuildFile; fileRef = 356EA69629B35B8F00F70F81 /* Main.storyboard */; };
		356EA69B29B35B8F00F70F81 /* MyPostsApp.xcdatamodeld in Sources */ = {isa = PBXBuildFile; fileRef = 356EA69929B35B8F00F70F81 /* MyPostsApp.xcdatamodeld */; };
		356EA69D29B35B9100F70F81 /* Assets.xcassets in Resources */ = {isa = PBXBuildFile; fileRef = 356EA69C29B35B9100F70F81 /* Assets.xcassets */; };
		356EA6A029B35B9100F70F81 /* LaunchScreen.storyboard in Resources */ = {isa = PBXBuildFile; fileRef = 356EA69E29B35B9100F70F81 /* LaunchScreen.storyboard */; };
		356EA6B729B35B9100F70F81 /* MyPostsAppUITestsLaunchTests.swift in Sources */ = {isa = PBXBuildFile; fileRef = 356EA6B629B35B9100F70F81 /* MyPostsAppUITestsLaunchTests.swift */; };
		356EA6C829B3672800F70F81 /* Posts.swift in Sources */ = {isa = PBXBuildFile; fileRef = 356EA6C729B3672800F70F81 /* Posts.swift */; };
		356EA6CC29B367CA00F70F81 /* FavoritesViewController.swift in Sources */ = {isa = PBXBuildFile; fileRef = 356EA6CB29B367CA00F70F81 /* FavoritesViewController.swift */; };
		356EA6CE29B367E000F70F81 /* PostsViewController.swift in Sources */ = {isa = PBXBuildFile; fileRef = 356EA6CD29B367E000F70F81 /* PostsViewController.swift */; };
		356EA79129B3EA0100F70F81 /* WindowCoordinator.swift in Sources */ = {isa = PBXBuildFile; fileRef = 356EA79029B3EA0100F70F81 /* WindowCoordinator.swift */; };
		356EA79229B3EA0100F70F81 /* WindowCoordinator.swift in Sources */ = {isa = PBXBuildFile; fileRef = 356EA79029B3EA0100F70F81 /* WindowCoordinator.swift */; };
		356EA79529B3EA3100F70F81 /* LoginViewController.swift in Sources */ = {isa = PBXBuildFile; fileRef = 356EA79429B3EA3100F70F81 /* LoginViewController.swift */; };
		356EA79629B3EA3100F70F81 /* LoginViewController.swift in Sources */ = {isa = PBXBuildFile; fileRef = 356EA79429B3EA3100F70F81 /* LoginViewController.swift */; };
		356EA79829B3EA4B00F70F81 /* LoginViewModel.swift in Sources */ = {isa = PBXBuildFile; fileRef = 356EA79729B3EA4B00F70F81 /* LoginViewModel.swift */; };
		356EA79929B3EA4B00F70F81 /* LoginViewModel.swift in Sources */ = {isa = PBXBuildFile; fileRef = 356EA79729B3EA4B00F70F81 /* LoginViewModel.swift */; };
		356EA79B29B3EA7B00F70F81 /* TabBarViewModel.swift in Sources */ = {isa = PBXBuildFile; fileRef = 356EA79A29B3EA7B00F70F81 /* TabBarViewModel.swift */; };
		356EA79C29B3EA7B00F70F81 /* TabBarViewModel.swift in Sources */ = {isa = PBXBuildFile; fileRef = 356EA79A29B3EA7B00F70F81 /* TabBarViewModel.swift */; };
		356EA79E29B5019A00F70F81 /* PostViewModel.swift in Sources */ = {isa = PBXBuildFile; fileRef = 356EA79D29B5019A00F70F81 /* PostViewModel.swift */; };
		356EA79F29B5019A00F70F81 /* PostViewModel.swift in Sources */ = {isa = PBXBuildFile; fileRef = 356EA79D29B5019A00F70F81 /* PostViewModel.swift */; };
		356EA7A129B502CB00F70F81 /* PostsNetworkManager.swift in Sources */ = {isa = PBXBuildFile; fileRef = 356EA7A029B502CB00F70F81 /* PostsNetworkManager.swift */; };
		356EA7A229B502CB00F70F81 /* PostsNetworkManager.swift in Sources */ = {isa = PBXBuildFile; fileRef = 356EA7A029B502CB00F70F81 /* PostsNetworkManager.swift */; };
		356EA7A829B5067E00F70F81 /* PostTableViewCell.swift in Sources */ = {isa = PBXBuildFile; fileRef = 356EA7A629B5067E00F70F81 /* PostTableViewCell.swift */; };
		356EA7A929B5067E00F70F81 /* PostTableViewCell.swift in Sources */ = {isa = PBXBuildFile; fileRef = 356EA7A629B5067E00F70F81 /* PostTableViewCell.swift */; };
		356EA7AA29B5067E00F70F81 /* PostTableViewCell.xib in Resources */ = {isa = PBXBuildFile; fileRef = 356EA7A729B5067E00F70F81 /* PostTableViewCell.xib */; };
		356EA7AB29B5067E00F70F81 /* PostTableViewCell.xib in Resources */ = {isa = PBXBuildFile; fileRef = 356EA7A729B5067E00F70F81 /* PostTableViewCell.xib */; };
		356EA7B529B5ECBC00F70F81 /* BaseViewController.swift in Sources */ = {isa = PBXBuildFile; fileRef = 356EA7B429B5ECBC00F70F81 /* BaseViewController.swift */; };
		356EA7B629B5ECBC00F70F81 /* BaseViewController.swift in Sources */ = {isa = PBXBuildFile; fileRef = 356EA7B429B5ECBC00F70F81 /* BaseViewController.swift */; };
		356EA7B829B5ED5F00F70F81 /* CommentsViewController.swift in Sources */ = {isa = PBXBuildFile; fileRef = 356EA7B729B5ED5F00F70F81 /* CommentsViewController.swift */; };
		356EA7B929B5ED5F00F70F81 /* CommentsViewController.swift in Sources */ = {isa = PBXBuildFile; fileRef = 356EA7B729B5ED5F00F70F81 /* CommentsViewController.swift */; };
		356EA7BE29B679D600F70F81 /*  CoreDataMyPosts.swift in Sources */ = {isa = PBXBuildFile; fileRef = 356EA7BD29B679D600F70F81 /*  CoreDataMyPosts.swift */; };
		356EA7BF29B679D600F70F81 /*  CoreDataMyPosts.swift in Sources */ = {isa = PBXBuildFile; fileRef = 356EA7BD29B679D600F70F81 /*  CoreDataMyPosts.swift */; };
		356EA7D029B756EB00F70F81 /* PostsEntity+CoreDataClass.swift in Sources */ = {isa = PBXBuildFile; fileRef = 356EA7CE29B756EB00F70F81 /* PostsEntity+CoreDataClass.swift */; };
		356EA7D129B756EB00F70F81 /* PostsEntity+CoreDataClass.swift in Sources */ = {isa = PBXBuildFile; fileRef = 356EA7CE29B756EB00F70F81 /* PostsEntity+CoreDataClass.swift */; };
		356EA7D229B756EB00F70F81 /* PostsEntity+CoreDataProperties.swift in Sources */ = {isa = PBXBuildFile; fileRef = 356EA7CF29B756EB00F70F81 /* PostsEntity+CoreDataProperties.swift */; };
		356EA7D329B756EB00F70F81 /* PostsEntity+CoreDataProperties.swift in Sources */ = {isa = PBXBuildFile; fileRef = 356EA7CF29B756EB00F70F81 /* PostsEntity+CoreDataProperties.swift */; };
		356EA7DC29B7D01800F70F81 /* FavoriteTableViewCell.swift in Sources */ = {isa = PBXBuildFile; fileRef = 356EA7DA29B7D01800F70F81 /* FavoriteTableViewCell.swift */; };
		356EA7DD29B7D01800F70F81 /* FavoriteTableViewCell.swift in Sources */ = {isa = PBXBuildFile; fileRef = 356EA7DA29B7D01800F70F81 /* FavoriteTableViewCell.swift */; };
		356EA7DE29B7D01800F70F81 /* FavoriteTableViewCell.xib in Resources */ = {isa = PBXBuildFile; fileRef = 356EA7DB29B7D01800F70F81 /* FavoriteTableViewCell.xib */; };
		356EA7DF29B7D01800F70F81 /* FavoriteTableViewCell.xib in Resources */ = {isa = PBXBuildFile; fileRef = 356EA7DB29B7D01800F70F81 /* FavoriteTableViewCell.xib */; };
		356EA7E129B7D0A100F70F81 /* FavouritesViewModel.swift in Sources */ = {isa = PBXBuildFile; fileRef = 356EA7E029B7D0A100F70F81 /* FavouritesViewModel.swift */; };
		356EA7E229B7D0A100F70F81 /* FavouritesViewModel.swift in Sources */ = {isa = PBXBuildFile; fileRef = 356EA7E029B7D0A100F70F81 /* FavouritesViewModel.swift */; };
		356EA7E429B7FB1100F70F81 /* ExtensionFile.swift in Sources */ = {isa = PBXBuildFile; fileRef = 356EA7E329B7FB1100F70F81 /* ExtensionFile.swift */; };
		356EA7E529B7FB1100F70F81 /* ExtensionFile.swift in Sources */ = {isa = PBXBuildFile; fileRef = 356EA7E329B7FB1100F70F81 /* ExtensionFile.swift */; };
		356EA7E729B7FBFD00F70F81 /* SceneDelegate.swift in Sources */ = {isa = PBXBuildFile; fileRef = 356EA69229B35B8F00F70F81 /* SceneDelegate.swift */; };
		356EA7E929B8AB4300F70F81 /* APIEndPointModel.swift in Sources */ = {isa = PBXBuildFile; fileRef = 356EA7E829B8AB4300F70F81 /* APIEndPointModel.swift */; };
		356EA7EA29B8AB4300F70F81 /* APIEndPointModel.swift in Sources */ = {isa = PBXBuildFile; fileRef = 356EA7E829B8AB4300F70F81 /* APIEndPointModel.swift */; };
		356EA7EC29B8B03300F70F81 /* LoginNetworkManager.swift in Sources */ = {isa = PBXBuildFile; fileRef = 356EA7EB29B8B03300F70F81 /* LoginNetworkManager.swift */; };
		356EA7ED29B8B03300F70F81 /* LoginNetworkManager.swift in Sources */ = {isa = PBXBuildFile; fileRef = 356EA7EB29B8B03300F70F81 /* LoginNetworkManager.swift */; };
		356EA7EF29B8BB4000F70F81 /* Constants.swift in Sources */ = {isa = PBXBuildFile; fileRef = 356EA7EE29B8BB4000F70F81 /* Constants.swift */; };
		356EA7F029B8BB4000F70F81 /* Constants.swift in Sources */ = {isa = PBXBuildFile; fileRef = 356EA7EE29B8BB4000F70F81 /* Constants.swift */; };
		356EA7F229B8C00000F70F81 /* PostListviewclass.swift in Sources */ = {isa = PBXBuildFile; fileRef = 356EA7F129B8C00000F70F81 /* PostListviewclass.swift */; };
		356EA7F429B8C01400F70F81 /* FavouritesListClass.swift in Sources */ = {isa = PBXBuildFile; fileRef = 356EA7F329B8C01400F70F81 /* FavouritesListClass.swift */; };
		356EA7F529B8C64E00F70F81 /* Posts.swift in Sources */ = {isa = PBXBuildFile; fileRef = 356EA6C729B3672800F70F81 /* Posts.swift */; };
		356EA7F729B8E68D00F70F81 /* FavouriteRepository.swift in Sources */ = {isa = PBXBuildFile; fileRef = 356EA7F629B8E68D00F70F81 /* FavouriteRepository.swift */; };
		356EA7F829B8E68D00F70F81 /* FavouriteRepository.swift in Sources */ = {isa = PBXBuildFile; fileRef = 356EA7F629B8E68D00F70F81 /* FavouriteRepository.swift */; };
		356EA7FA29B9312800F70F81 /* AppDelegate.swift in Sources */ = {isa = PBXBuildFile; fileRef = 356EA69029B35B8F00F70F81 /* AppDelegate.swift */; };
		356EA7FC29BA3CBA00F70F81 /* LoginViewModelTests.swift in Sources */ = {isa = PBXBuildFile; fileRef = 356EA7FB29BA3CBA00F70F81 /* LoginViewModelTests.swift */; };
		356EA7FE29BA729A00F70F81 /* CommnetsViewmodel.swift in Sources */ = {isa = PBXBuildFile; fileRef = 356EA7FD29BA729A00F70F81 /* CommnetsViewmodel.swift */; };
		356EA7FF29BA729A00F70F81 /* CommnetsViewmodel.swift in Sources */ = {isa = PBXBuildFile; fileRef = 356EA7FD29BA729A00F70F81 /* CommnetsViewmodel.swift */; };
		356EA80129BA733600F70F81 /* CommnetsNetworkManager.swift in Sources */ = {isa = PBXBuildFile; fileRef = 356EA80029BA733500F70F81 /* CommnetsNetworkManager.swift */; };
		356EA80229BA733600F70F81 /* CommnetsNetworkManager.swift in Sources */ = {isa = PBXBuildFile; fileRef = 356EA80029BA733500F70F81 /* CommnetsNetworkManager.swift */; };
		356EA80429BA74E300F70F81 /* Comments.swift in Sources */ = {isa = PBXBuildFile; fileRef = 356EA80329BA74E300F70F81 /* Comments.swift */; };
		356EA80529BA74E300F70F81 /* Comments.swift in Sources */ = {isa = PBXBuildFile; fileRef = 356EA80329BA74E300F70F81 /* Comments.swift */; };
		356EA80729BA800E00F70F81 /* CommentsTableViewCell.swift in Sources */ = {isa = PBXBuildFile; fileRef = 356EA80629BA800E00F70F81 /* CommentsTableViewCell.swift */; };
		356EA80829BA800E00F70F81 /* CommentsTableViewCell.swift in Sources */ = {isa = PBXBuildFile; fileRef = 356EA80629BA800E00F70F81 /* CommentsTableViewCell.swift */; };
		356EA80A29BA885D00F70F81 /* MyLabel.swift in Sources */ = {isa = PBXBuildFile; fileRef = 356EA80929BA885D00F70F81 /* MyLabel.swift */; };
		356EA80B29BA885D00F70F81 /* MyLabel.swift in Sources */ = {isa = PBXBuildFile; fileRef = 356EA80929BA885D00F70F81 /* MyLabel.swift */; };
		356EA80D29BB73FC00F70F81 /* CommentsListTest.swift in Sources */ = {isa = PBXBuildFile; fileRef = 356EA80C29BB73FC00F70F81 /* CommentsListTest.swift */; };
		356EA81029BB7EE400F70F81 /* Comments.json in Resources */ = {isa = PBXBuildFile; fileRef = 356EA80F29BB7EE400F70F81 /* Comments.json */; };
		356EA81129BB7EE500F70F81 /* Comments.json in Resources */ = {isa = PBXBuildFile; fileRef = 356EA80F29BB7EE400F70F81 /* Comments.json */; };
		356EA81629BB988700F70F81 /* Posts.json in Resources */ = {isa = PBXBuildFile; fileRef = 356EA81529BB988700F70F81 /* Posts.json */; };
		356EA81729BB988700F70F81 /* Posts.json in Resources */ = {isa = PBXBuildFile; fileRef = 356EA81529BB988700F70F81 /* Posts.json */; };
		356EA81C29BBA52F00F70F81 /* PostsViewController.swift in Sources */ = {isa = PBXBuildFile; fileRef = 356EA6CD29B367E000F70F81 /* PostsViewController.swift */; };
		356EA82629BBACB400F70F81 /* MyPostsApp.xcdatamodeld in Sources */ = {isa = PBXBuildFile; fileRef = 356EA69929B35B8F00F70F81 /* MyPostsApp.xcdatamodeld */; };
		356EA83629BBAD5D00F70F81 /* FavoritesViewController.swift in Sources */ = {isa = PBXBuildFile; fileRef = 356EA6CB29B367CA00F70F81 /* FavoritesViewController.swift */; };
		D805229159ECF520558E498F /* Pods_MyPostsAppTests.framework in Frameworks */ = {isa = PBXBuildFile; fileRef = 73A826ECE077C9510036CE2F /* Pods_MyPostsAppTests.framework */; };
		F28710ED71DCB76552C8474C /* Pods_MyPostsApp.framework in Frameworks */ = {isa = PBXBuildFile; fileRef = 5D85D89B26ED2EE869FACECF /* Pods_MyPostsApp.framework */; };
/* End PBXBuildFile section */

/* Begin PBXContainerItemProxy section */
		356EA6A729B35B9100F70F81 /* PBXContainerItemProxy */ = {
			isa = PBXContainerItemProxy;
			containerPortal = 356EA68529B35B8F00F70F81 /* Project object */;
			proxyType = 1;
			remoteGlobalIDString = 356EA68C29B35B8F00F70F81;
			remoteInfo = MyPostsApp;
		};
		356EA6B129B35B9100F70F81 /* PBXContainerItemProxy */ = {
			isa = PBXContainerItemProxy;
			containerPortal = 356EA68529B35B8F00F70F81 /* Project object */;
			proxyType = 1;
			remoteGlobalIDString = 356EA68C29B35B8F00F70F81;
			remoteInfo = MyPostsApp;
		};
/* End PBXContainerItemProxy section */

/* Begin PBXFileReference section */
		228C046FB43ECD083D750F07 /* Pods-MyPostsApp.release.xcconfig */ = {isa = PBXFileReference; includeInIndex = 1; lastKnownFileType = text.xcconfig; name = "Pods-MyPostsApp.release.xcconfig"; path = "Target Support Files/Pods-MyPostsApp/Pods-MyPostsApp.release.xcconfig"; sourceTree = "<group>"; };
		356EA68D29B35B8F00F70F81 /* MyPostsApp.app */ = {isa = PBXFileReference; explicitFileType = wrapper.application; includeInIndex = 0; path = MyPostsApp.app; sourceTree = BUILT_PRODUCTS_DIR; };
		356EA69029B35B8F00F70F81 /* AppDelegate.swift */ = {isa = PBXFileReference; lastKnownFileType = sourcecode.swift; path = AppDelegate.swift; sourceTree = "<group>"; };
		356EA69229B35B8F00F70F81 /* SceneDelegate.swift */ = {isa = PBXFileReference; lastKnownFileType = sourcecode.swift; path = SceneDelegate.swift; sourceTree = "<group>"; };
		356EA69729B35B8F00F70F81 /* Base */ = {isa = PBXFileReference; lastKnownFileType = file.storyboard; name = Base; path = Base.lproj/Main.storyboard; sourceTree = "<group>"; };
		356EA69A29B35B8F00F70F81 /* MyPostsApp.xcdatamodel */ = {isa = PBXFileReference; lastKnownFileType = wrapper.xcdatamodel; path = MyPostsApp.xcdatamodel; sourceTree = "<group>"; };
		356EA69C29B35B9100F70F81 /* Assets.xcassets */ = {isa = PBXFileReference; lastKnownFileType = folder.assetcatalog; path = Assets.xcassets; sourceTree = "<group>"; };
		356EA69F29B35B9100F70F81 /* Base */ = {isa = PBXFileReference; lastKnownFileType = file.storyboard; name = Base; path = Base.lproj/LaunchScreen.storyboard; sourceTree = "<group>"; };
		356EA6A129B35B9100F70F81 /* Info.plist */ = {isa = PBXFileReference; lastKnownFileType = text.plist.xml; path = Info.plist; sourceTree = "<group>"; };
		356EA6A629B35B9100F70F81 /* MyPostsAppTests.xctest */ = {isa = PBXFileReference; explicitFileType = wrapper.cfbundle; includeInIndex = 0; path = MyPostsAppTests.xctest; sourceTree = BUILT_PRODUCTS_DIR; };
		356EA6B029B35B9100F70F81 /* MyPostsAppUITests.xctest */ = {isa = PBXFileReference; explicitFileType = wrapper.cfbundle; includeInIndex = 0; path = MyPostsAppUITests.xctest; sourceTree = BUILT_PRODUCTS_DIR; };
		356EA6B629B35B9100F70F81 /* MyPostsAppUITestsLaunchTests.swift */ = {isa = PBXFileReference; lastKnownFileType = sourcecode.swift; path = MyPostsAppUITestsLaunchTests.swift; sourceTree = "<group>"; };
		356EA6C729B3672800F70F81 /* Posts.swift */ = {isa = PBXFileReference; lastKnownFileType = sourcecode.swift; path = Posts.swift; sourceTree = "<group>"; };
		356EA6CB29B367CA00F70F81 /* FavoritesViewController.swift */ = {isa = PBXFileReference; lastKnownFileType = sourcecode.swift; name = FavoritesViewController.swift; path = MyPostsApp/Controllers/Favourites/FavoritesViewController.swift; sourceTree = SOURCE_ROOT; };
		356EA6CD29B367E000F70F81 /* PostsViewController.swift */ = {isa = PBXFileReference; lastKnownFileType = sourcecode.swift; path = PostsViewController.swift; sourceTree = "<group>"; };
		356EA79029B3EA0100F70F81 /* WindowCoordinator.swift */ = {isa = PBXFileReference; lastKnownFileType = sourcecode.swift; path = WindowCoordinator.swift; sourceTree = "<group>"; };
		356EA79429B3EA3100F70F81 /* LoginViewController.swift */ = {isa = PBXFileReference; lastKnownFileType = sourcecode.swift; path = LoginViewController.swift; sourceTree = "<group>"; };
		356EA79729B3EA4B00F70F81 /* LoginViewModel.swift */ = {isa = PBXFileReference; lastKnownFileType = sourcecode.swift; path = LoginViewModel.swift; sourceTree = "<group>"; };
		356EA79A29B3EA7B00F70F81 /* TabBarViewModel.swift */ = {isa = PBXFileReference; lastKnownFileType = sourcecode.swift; path = TabBarViewModel.swift; sourceTree = "<group>"; };
		356EA79D29B5019A00F70F81 /* PostViewModel.swift */ = {isa = PBXFileReference; lastKnownFileType = sourcecode.swift; path = PostViewModel.swift; sourceTree = "<group>"; };
		356EA7A029B502CB00F70F81 /* PostsNetworkManager.swift */ = {isa = PBXFileReference; lastKnownFileType = sourcecode.swift; path = PostsNetworkManager.swift; sourceTree = "<group>"; };
		356EA7A629B5067E00F70F81 /* PostTableViewCell.swift */ = {isa = PBXFileReference; lastKnownFileType = sourcecode.swift; path = PostTableViewCell.swift; sourceTree = "<group>"; };
		356EA7A729B5067E00F70F81 /* PostTableViewCell.xib */ = {isa = PBXFileReference; lastKnownFileType = file.xib; path = PostTableViewCell.xib; sourceTree = "<group>"; };
		356EA7B429B5ECBC00F70F81 /* BaseViewController.swift */ = {isa = PBXFileReference; lastKnownFileType = sourcecode.swift; path = BaseViewController.swift; sourceTree = "<group>"; };
		356EA7B729B5ED5F00F70F81 /* CommentsViewController.swift */ = {isa = PBXFileReference; lastKnownFileType = sourcecode.swift; path = CommentsViewController.swift; sourceTree = "<group>"; };
		356EA7BD29B679D600F70F81 /*  CoreDataMyPosts.swift */ = {isa = PBXFileReference; lastKnownFileType = sourcecode.swift; path = " CoreDataMyPosts.swift"; sourceTree = "<group>"; };
		356EA7CE29B756EB00F70F81 /* PostsEntity+CoreDataClass.swift */ = {isa = PBXFileReference; lastKnownFileType = sourcecode.swift; path = "PostsEntity+CoreDataClass.swift"; sourceTree = "<group>"; };
		356EA7CF29B756EB00F70F81 /* PostsEntity+CoreDataProperties.swift */ = {isa = PBXFileReference; lastKnownFileType = sourcecode.swift; path = "PostsEntity+CoreDataProperties.swift"; sourceTree = "<group>"; };
		356EA7DA29B7D01800F70F81 /* FavoriteTableViewCell.swift */ = {isa = PBXFileReference; lastKnownFileType = sourcecode.swift; path = FavoriteTableViewCell.swift; sourceTree = "<group>"; };
		356EA7DB29B7D01800F70F81 /* FavoriteTableViewCell.xib */ = {isa = PBXFileReference; lastKnownFileType = file.xib; path = FavoriteTableViewCell.xib; sourceTree = "<group>"; };
		356EA7E029B7D0A100F70F81 /* FavouritesViewModel.swift */ = {isa = PBXFileReference; lastKnownFileType = sourcecode.swift; path = FavouritesViewModel.swift; sourceTree = "<group>"; };
		356EA7E329B7FB1100F70F81 /* ExtensionFile.swift */ = {isa = PBXFileReference; lastKnownFileType = sourcecode.swift; path = ExtensionFile.swift; sourceTree = "<group>"; };
		356EA7E829B8AB4300F70F81 /* APIEndPointModel.swift */ = {isa = PBXFileReference; lastKnownFileType = sourcecode.swift; path = APIEndPointModel.swift; sourceTree = "<group>"; };
		356EA7EB29B8B03300F70F81 /* LoginNetworkManager.swift */ = {isa = PBXFileReference; lastKnownFileType = sourcecode.swift; path = LoginNetworkManager.swift; sourceTree = "<group>"; };
		356EA7EE29B8BB4000F70F81 /* Constants.swift */ = {isa = PBXFileReference; lastKnownFileType = sourcecode.swift; path = Constants.swift; sourceTree = "<group>"; };
		356EA7F129B8C00000F70F81 /* PostListviewclass.swift */ = {isa = PBXFileReference; lastKnownFileType = sourcecode.swift; path = PostListviewclass.swift; sourceTree = "<group>"; };
		356EA7F329B8C01400F70F81 /* FavouritesListClass.swift */ = {isa = PBXFileReference; lastKnownFileType = sourcecode.swift; path = FavouritesListClass.swift; sourceTree = "<group>"; };
		356EA7F629B8E68D00F70F81 /* FavouriteRepository.swift */ = {isa = PBXFileReference; lastKnownFileType = sourcecode.swift; path = FavouriteRepository.swift; sourceTree = "<group>"; };
		356EA7FB29BA3CBA00F70F81 /* LoginViewModelTests.swift */ = {isa = PBXFileReference; lastKnownFileType = sourcecode.swift; path = LoginViewModelTests.swift; sourceTree = "<group>"; };
		356EA7FD29BA729A00F70F81 /* CommnetsViewmodel.swift */ = {isa = PBXFileReference; lastKnownFileType = sourcecode.swift; path = CommnetsViewmodel.swift; sourceTree = "<group>"; };
		356EA80029BA733500F70F81 /* CommnetsNetworkManager.swift */ = {isa = PBXFileReference; lastKnownFileType = sourcecode.swift; path = CommnetsNetworkManager.swift; sourceTree = "<group>"; };
		356EA80329BA74E300F70F81 /* Comments.swift */ = {isa = PBXFileReference; lastKnownFileType = sourcecode.swift; path = Comments.swift; sourceTree = "<group>"; };
		356EA80629BA800E00F70F81 /* CommentsTableViewCell.swift */ = {isa = PBXFileReference; lastKnownFileType = sourcecode.swift; path = CommentsTableViewCell.swift; sourceTree = "<group>"; };
		356EA80929BA885D00F70F81 /* MyLabel.swift */ = {isa = PBXFileReference; lastKnownFileType = sourcecode.swift; path = MyLabel.swift; sourceTree = "<group>"; };
		356EA80C29BB73FC00F70F81 /* CommentsListTest.swift */ = {isa = PBXFileReference; lastKnownFileType = sourcecode.swift; path = CommentsListTest.swift; sourceTree = "<group>"; };
		356EA80F29BB7EE400F70F81 /* Comments.json */ = {isa = PBXFileReference; fileEncoding = 4; lastKnownFileType = text.json; path = Comments.json; sourceTree = "<group>"; };
		356EA81529BB988700F70F81 /* Posts.json */ = {isa = PBXFileReference; fileEncoding = 4; lastKnownFileType = text.json; path = Posts.json; sourceTree = "<group>"; };
		5D85D89B26ED2EE869FACECF /* Pods_MyPostsApp.framework */ = {isa = PBXFileReference; explicitFileType = wrapper.framework; includeInIndex = 0; path = Pods_MyPostsApp.framework; sourceTree = BUILT_PRODUCTS_DIR; };
		71D4B7AA79F984CF29FBB2AA /* Pods_MyPostsApp_MyPostsAppUITests.framework */ = {isa = PBXFileReference; explicitFileType = wrapper.framework; includeInIndex = 0; path = Pods_MyPostsApp_MyPostsAppUITests.framework; sourceTree = BUILT_PRODUCTS_DIR; };
		73A826ECE077C9510036CE2F /* Pods_MyPostsAppTests.framework */ = {isa = PBXFileReference; explicitFileType = wrapper.framework; includeInIndex = 0; path = Pods_MyPostsAppTests.framework; sourceTree = BUILT_PRODUCTS_DIR; };
		AA4EA8F1D32AE1BFF97DBB93 /* Pods-MyPostsAppTests.debug.xcconfig */ = {isa = PBXFileReference; includeInIndex = 1; lastKnownFileType = text.xcconfig; name = "Pods-MyPostsAppTests.debug.xcconfig"; path = "Target Support Files/Pods-MyPostsAppTests/Pods-MyPostsAppTests.debug.xcconfig"; sourceTree = "<group>"; };
		BA2D8DF056E4937097918003 /* Pods-MyPostsAppTests.release.xcconfig */ = {isa = PBXFileReference; includeInIndex = 1; lastKnownFileType = text.xcconfig; name = "Pods-MyPostsAppTests.release.xcconfig"; path = "Target Support Files/Pods-MyPostsAppTests/Pods-MyPostsAppTests.release.xcconfig"; sourceTree = "<group>"; };
		D19FB06A20857C7970FF50C9 /* Pods-MyPostsApp-MyPostsAppUITests.release.xcconfig */ = {isa = PBXFileReference; includeInIndex = 1; lastKnownFileType = text.xcconfig; name = "Pods-MyPostsApp-MyPostsAppUITests.release.xcconfig"; path = "Target Support Files/Pods-MyPostsApp-MyPostsAppUITests/Pods-MyPostsApp-MyPostsAppUITests.release.xcconfig"; sourceTree = "<group>"; };
		D539C9D1BACC4F4F61B017C9 /* Pods-MyPostsApp-MyPostsAppUITests.debug.xcconfig */ = {isa = PBXFileReference; includeInIndex = 1; lastKnownFileType = text.xcconfig; name = "Pods-MyPostsApp-MyPostsAppUITests.debug.xcconfig"; path = "Target Support Files/Pods-MyPostsApp-MyPostsAppUITests/Pods-MyPostsApp-MyPostsAppUITests.debug.xcconfig"; sourceTree = "<group>"; };
		F67ACDE95258D2B69F697A16 /* Pods-MyPostsApp.debug.xcconfig */ = {isa = PBXFileReference; includeInIndex = 1; lastKnownFileType = text.xcconfig; name = "Pods-MyPostsApp.debug.xcconfig"; path = "Target Support Files/Pods-MyPostsApp/Pods-MyPostsApp.debug.xcconfig"; sourceTree = "<group>"; };
/* End PBXFileReference section */

/* Begin PBXFrameworksBuildPhase section */
		356EA68A29B35B8F00F70F81 /* Frameworks */ = {
			isa = PBXFrameworksBuildPhase;
			buildActionMask = 2147483647;
			files = (
				F28710ED71DCB76552C8474C /* Pods_MyPostsApp.framework in Frameworks */,
			);
			runOnlyForDeploymentPostprocessing = 0;
		};
		356EA6A329B35B9100F70F81 /* Frameworks */ = {
			isa = PBXFrameworksBuildPhase;
			buildActionMask = 2147483647;
			files = (
				D805229159ECF520558E498F /* Pods_MyPostsAppTests.framework in Frameworks */,
			);
			runOnlyForDeploymentPostprocessing = 0;
		};
		356EA6AD29B35B9100F70F81 /* Frameworks */ = {
			isa = PBXFrameworksBuildPhase;
			buildActionMask = 2147483647;
			files = (
				1E56FEE25BA36233F55DC309 /* Pods_MyPostsApp_MyPostsAppUITests.framework in Frameworks */,
			);
			runOnlyForDeploymentPostprocessing = 0;
		};
/* End PBXFrameworksBuildPhase section */

/* Begin PBXGroup section */
		356EA68429B35B8F00F70F81 = {
			isa = PBXGroup;
			children = (
				356EA68F29B35B8F00F70F81 /* MyPostsApp */,
				356EA6A929B35B9100F70F81 /* MyPostsAppTests */,
				356EA6B329B35B9100F70F81 /* MyPostsAppUITests */,
				356EA68E29B35B8F00F70F81 /* Products */,
				46A2F62977E82197752F5951 /* Pods */,
				56DA60CAFDFAB85CED9AB0F5 /* Frameworks */,
			);
			sourceTree = "<group>";
		};
		356EA68E29B35B8F00F70F81 /* Products */ = {
			isa = PBXGroup;
			children = (
				356EA68D29B35B8F00F70F81 /* MyPostsApp.app */,
				356EA6A629B35B9100F70F81 /* MyPostsAppTests.xctest */,
				356EA6B029B35B9100F70F81 /* MyPostsAppUITests.xctest */,
			);
			name = Products;
			sourceTree = "<group>";
		};
		356EA68F29B35B8F00F70F81 /* MyPostsApp */ = {
			isa = PBXGroup;
			children = (
				356EA7BC29B679B200F70F81 /* CoreData */,
				356EA7B329B5EC8900F70F81 /* Common */,
				356EA6C529B35F2E00F70F81 /* Controllers */,
				356EA69C29B35B9100F70F81 /* Assets.xcassets */,
				356EA69E29B35B9100F70F81 /* LaunchScreen.storyboard */,
				356EA6A129B35B9100F70F81 /* Info.plist */,
			);
			path = MyPostsApp;
			sourceTree = "<group>";
		};
		356EA6A929B35B9100F70F81 /* MyPostsAppTests */ = {
			isa = PBXGroup;
			children = (
				356EA81529BB988700F70F81 /* Posts.json */,
				356EA80F29BB7EE400F70F81 /* Comments.json */,
				356EA7F329B8C01400F70F81 /* FavouritesListClass.swift */,
				356EA7F129B8C00000F70F81 /* PostListviewclass.swift */,
				356EA7FB29BA3CBA00F70F81 /* LoginViewModelTests.swift */,
				356EA80C29BB73FC00F70F81 /* CommentsListTest.swift */,
			);
			path = MyPostsAppTests;
			sourceTree = "<group>";
		};
		356EA6B329B35B9100F70F81 /* MyPostsAppUITests */ = {
			isa = PBXGroup;
			children = (
				356EA6B629B35B9100F70F81 /* MyPostsAppUITestsLaunchTests.swift */,
			);
			path = MyPostsAppUITests;
			sourceTree = "<group>";
		};
		356EA6C329B35F1500F70F81 /* Utils */ = {
			isa = PBXGroup;
			children = (
				356EA7E329B7FB1100F70F81 /* ExtensionFile.swift */,
				356EA80929BA885D00F70F81 /* MyLabel.swift */,
			);
			path = Utils;
			sourceTree = "<group>";
		};
		356EA6C529B35F2E00F70F81 /* Controllers */ = {
			isa = PBXGroup;
			children = (
				356EA79329B3EA1D00F70F81 /* Login */,
				356EA7BA29B5ED6500F70F81 /* Comments */,
				356EA6CA29B367A600F70F81 /* Favourites */,
				356EA6C929B3679800F70F81 /* AllPosts */,
			);
			path = Controllers;
			sourceTree = "<group>";
		};
		356EA6C629B3671A00F70F81 /* Model */ = {
			isa = PBXGroup;
			children = (
				356EA6C729B3672800F70F81 /* Posts.swift */,
				356EA7E829B8AB4300F70F81 /* APIEndPointModel.swift */,
			);
			path = Model;
			sourceTree = "<group>";
		};
		356EA6C929B3679800F70F81 /* AllPosts */ = {
			isa = PBXGroup;
			children = (
				356EA6CD29B367E000F70F81 /* PostsViewController.swift */,
				356EA79D29B5019A00F70F81 /* PostViewModel.swift */,
				356EA7A029B502CB00F70F81 /* PostsNetworkManager.swift */,
				356EA7A629B5067E00F70F81 /* PostTableViewCell.swift */,
				356EA7A729B5067E00F70F81 /* PostTableViewCell.xib */,
			);
			path = AllPosts;
			sourceTree = "<group>";
		};
		356EA6CA29B367A600F70F81 /* Favourites */ = {
			isa = PBXGroup;
			children = (
				356EA6CB29B367CA00F70F81 /* FavoritesViewController.swift */,
				356EA7DA29B7D01800F70F81 /* FavoriteTableViewCell.swift */,
				356EA7DB29B7D01800F70F81 /* FavoriteTableViewCell.xib */,
				356EA7E029B7D0A100F70F81 /* FavouritesViewModel.swift */,
				356EA7F629B8E68D00F70F81 /* FavouriteRepository.swift */,
			);
			path = Favourites;
			sourceTree = "<group>";
		};
		356EA79329B3EA1D00F70F81 /* Login */ = {
			isa = PBXGroup;
			children = (
				356EA79429B3EA3100F70F81 /* LoginViewController.swift */,
				356EA79729B3EA4B00F70F81 /* LoginViewModel.swift */,
				356EA7EB29B8B03300F70F81 /* LoginNetworkManager.swift */,
			);
			path = Login;
			sourceTree = "<group>";
		};
		356EA7B329B5EC8900F70F81 /* Common */ = {
			isa = PBXGroup;
			children = (
				356EA69029B35B8F00F70F81 /* AppDelegate.swift */,
				356EA69229B35B8F00F70F81 /* SceneDelegate.swift */,
				356EA69629B35B8F00F70F81 /* Main.storyboard */,
				356EA6C329B35F1500F70F81 /* Utils */,
				356EA6C629B3671A00F70F81 /* Model */,
				356EA79029B3EA0100F70F81 /* WindowCoordinator.swift */,
				356EA79A29B3EA7B00F70F81 /* TabBarViewModel.swift */,
				356EA7B429B5ECBC00F70F81 /* BaseViewController.swift */,
				356EA7EE29B8BB4000F70F81 /* Constants.swift */,
			);
			path = Common;
			sourceTree = "<group>";
		};
		356EA7BA29B5ED6500F70F81 /* Comments */ = {
			isa = PBXGroup;
			children = (
				356EA7B729B5ED5F00F70F81 /* CommentsViewController.swift */,
				356EA7FD29BA729A00F70F81 /* CommnetsViewmodel.swift */,
				356EA80029BA733500F70F81 /* CommnetsNetworkManager.swift */,
				356EA80329BA74E300F70F81 /* Comments.swift */,
				356EA80629BA800E00F70F81 /* CommentsTableViewCell.swift */,
			);
			path = Comments;
			sourceTree = "<group>";
		};
		356EA7BC29B679B200F70F81 /* CoreData */ = {
			isa = PBXGroup;
			children = (
				356EA7CE29B756EB00F70F81 /* PostsEntity+CoreDataClass.swift */,
				356EA7CF29B756EB00F70F81 /* PostsEntity+CoreDataProperties.swift */,
				356EA69929B35B8F00F70F81 /* MyPostsApp.xcdatamodeld */,
				356EA7BD29B679D600F70F81 /*  CoreDataMyPosts.swift */,
			);
			path = CoreData;
			sourceTree = "<group>";
		};
		46A2F62977E82197752F5951 /* Pods */ = {
			isa = PBXGroup;
			children = (
				F67ACDE95258D2B69F697A16 /* Pods-MyPostsApp.debug.xcconfig */,
				228C046FB43ECD083D750F07 /* Pods-MyPostsApp.release.xcconfig */,
				D539C9D1BACC4F4F61B017C9 /* Pods-MyPostsApp-MyPostsAppUITests.debug.xcconfig */,
				D19FB06A20857C7970FF50C9 /* Pods-MyPostsApp-MyPostsAppUITests.release.xcconfig */,
				AA4EA8F1D32AE1BFF97DBB93 /* Pods-MyPostsAppTests.debug.xcconfig */,
				BA2D8DF056E4937097918003 /* Pods-MyPostsAppTests.release.xcconfig */,
			);
			name = Pods;
			path = Pods;
			sourceTree = "<group>";
		};
		56DA60CAFDFAB85CED9AB0F5 /* Frameworks */ = {
			isa = PBXGroup;
			children = (
				5D85D89B26ED2EE869FACECF /* Pods_MyPostsApp.framework */,
				71D4B7AA79F984CF29FBB2AA /* Pods_MyPostsApp_MyPostsAppUITests.framework */,
				73A826ECE077C9510036CE2F /* Pods_MyPostsAppTests.framework */,
			);
			name = Frameworks;
			sourceTree = "<group>";
		};
/* End PBXGroup section */

/* Begin PBXNativeTarget section */
		356EA68C29B35B8F00F70F81 /* MyPostsApp */ = {
			isa = PBXNativeTarget;
			buildConfigurationList = 356EA6BA29B35B9100F70F81 /* Build configuration list for PBXNativeTarget "MyPostsApp" */;
			buildPhases = (
				B7B4CA2A59FBF7A2C3F1240F /* [CP] Check Pods Manifest.lock */,
				356EA68929B35B8F00F70F81 /* Sources */,
				356EA68A29B35B8F00F70F81 /* Frameworks */,
				356EA68B29B35B8F00F70F81 /* Resources */,
				6B018BBCD48B4CECC907F43D /* [CP] Embed Pods Frameworks */,
			);
			buildRules = (
			);
			dependencies = (
			);
			name = MyPostsApp;
			productName = MyPostsApp;
			productReference = 356EA68D29B35B8F00F70F81 /* MyPostsApp.app */;
			productType = "com.apple.product-type.application";
		};
		356EA6A529B35B9100F70F81 /* MyPostsAppTests */ = {
			isa = PBXNativeTarget;
			buildConfigurationList = 356EA6BD29B35B9100F70F81 /* Build configuration list for PBXNativeTarget "MyPostsAppTests" */;
			buildPhases = (
				EA44B499ED922E631B50B311 /* [CP] Check Pods Manifest.lock */,
				356EA6A229B35B9100F70F81 /* Sources */,
				356EA6A329B35B9100F70F81 /* Frameworks */,
				356EA6A429B35B9100F70F81 /* Resources */,
			);
			buildRules = (
			);
			dependencies = (
				356EA6A829B35B9100F70F81 /* PBXTargetDependency */,
			);
			name = MyPostsAppTests;
			productName = MyPostsAppTests;
			productReference = 356EA6A629B35B9100F70F81 /* MyPostsAppTests.xctest */;
			productType = "com.apple.product-type.bundle.unit-test";
		};
		356EA6AF29B35B9100F70F81 /* MyPostsAppUITests */ = {
			isa = PBXNativeTarget;
			buildConfigurationList = 356EA6C029B35B9100F70F81 /* Build configuration list for PBXNativeTarget "MyPostsAppUITests" */;
			buildPhases = (
				620113F801CC910A75E6DAD9 /* [CP] Check Pods Manifest.lock */,
				356EA6AC29B35B9100F70F81 /* Sources */,
				356EA6AD29B35B9100F70F81 /* Frameworks */,
				356EA6AE29B35B9100F70F81 /* Resources */,
				F9C4E521E2844639A6A24320 /* [CP] Embed Pods Frameworks */,
			);
			buildRules = (
			);
			dependencies = (
				356EA6B229B35B9100F70F81 /* PBXTargetDependency */,
			);
			name = MyPostsAppUITests;
			productName = MyPostsAppUITests;
			productReference = 356EA6B029B35B9100F70F81 /* MyPostsAppUITests.xctest */;
			productType = "com.apple.product-type.bundle.ui-testing";
		};
/* End PBXNativeTarget section */

/* Begin PBXProject section */
		356EA68529B35B8F00F70F81 /* Project object */ = {
			isa = PBXProject;
			attributes = {
				BuildIndependentTargetsInParallel = 1;
				LastSwiftUpdateCheck = 1340;
				LastUpgradeCheck = 1340;
				TargetAttributes = {
					356EA68C29B35B8F00F70F81 = {
						CreatedOnToolsVersion = 13.4.1;
					};
					356EA6A529B35B9100F70F81 = {
						CreatedOnToolsVersion = 13.4.1;
						TestTargetID = 356EA68C29B35B8F00F70F81;
					};
					356EA6AF29B35B9100F70F81 = {
						CreatedOnToolsVersion = 13.4.1;
						TestTargetID = 356EA68C29B35B8F00F70F81;
					};
				};
			};
			buildConfigurationList = 356EA68829B35B8F00F70F81 /* Build configuration list for PBXProject "MyPostsApp" */;
			compatibilityVersion = "Xcode 13.0";
			developmentRegion = en;
			hasScannedForEncodings = 0;
			knownRegions = (
				en,
				Base,
			);
			mainGroup = 356EA68429B35B8F00F70F81;
			productRefGroup = 356EA68E29B35B8F00F70F81 /* Products */;
			projectDirPath = "";
			projectRoot = "";
			targets = (
				356EA68C29B35B8F00F70F81 /* MyPostsApp */,
				356EA6A529B35B9100F70F81 /* MyPostsAppTests */,
				356EA6AF29B35B9100F70F81 /* MyPostsAppUITests */,
			);
		};
/* End PBXProject section */

/* Begin PBXResourcesBuildPhase section */
		356EA68B29B35B8F00F70F81 /* Resources */ = {
			isa = PBXResourcesBuildPhase;
			buildActionMask = 2147483647;
			files = (
				356EA6A029B35B9100F70F81 /* LaunchScreen.storyboard in Resources */,
				356EA81029BB7EE400F70F81 /* Comments.json in Resources */,
				356EA69D29B35B9100F70F81 /* Assets.xcassets in Resources */,
				356EA7DE29B7D01800F70F81 /* FavoriteTableViewCell.xib in Resources */,
				356EA69829B35B8F00F70F81 /* Main.storyboard in Resources */,
				356EA81629BB988700F70F81 /* Posts.json in Resources */,
				356EA7AA29B5067E00F70F81 /* PostTableViewCell.xib in Resources */,
			);
			runOnlyForDeploymentPostprocessing = 0;
		};
		356EA6A429B35B9100F70F81 /* Resources */ = {
			isa = PBXResourcesBuildPhase;
			buildActionMask = 2147483647;
			files = (
				356EA7AB29B5067E00F70F81 /* PostTableViewCell.xib in Resources */,
				356EA81129BB7EE500F70F81 /* Comments.json in Resources */,
				356EA7DF29B7D01800F70F81 /* FavoriteTableViewCell.xib in Resources */,
				356EA81729BB988700F70F81 /* Posts.json in Resources */,
			);
			runOnlyForDeploymentPostprocessing = 0;
		};
		356EA6AE29B35B9100F70F81 /* Resources */ = {
			isa = PBXResourcesBuildPhase;
			buildActionMask = 2147483647;
			files = (
			);
			runOnlyForDeploymentPostprocessing = 0;
		};
/* End PBXResourcesBuildPhase section */

/* Begin PBXShellScriptBuildPhase section */
		620113F801CC910A75E6DAD9 /* [CP] Check Pods Manifest.lock */ = {
			isa = PBXShellScriptBuildPhase;
			buildActionMask = 2147483647;
			files = (
			);
			inputFileListPaths = (
			);
			inputPaths = (
				"${PODS_PODFILE_DIR_PATH}/Podfile.lock",
				"${PODS_ROOT}/Manifest.lock",
			);
			name = "[CP] Check Pods Manifest.lock";
			outputFileListPaths = (
			);
			outputPaths = (
				"$(DERIVED_FILE_DIR)/Pods-MyPostsApp-MyPostsAppUITests-checkManifestLockResult.txt",
			);
			runOnlyForDeploymentPostprocessing = 0;
			shellPath = /bin/sh;
			shellScript = "diff \"${PODS_PODFILE_DIR_PATH}/Podfile.lock\" \"${PODS_ROOT}/Manifest.lock\" > /dev/null\nif [ $? != 0 ] ; then\n    # print error to STDERR\n    echo \"error: The sandbox is not in sync with the Podfile.lock. Run 'pod install' or update your CocoaPods installation.\" >&2\n    exit 1\nfi\n# This output is used by Xcode 'outputs' to avoid re-running this script phase.\necho \"SUCCESS\" > \"${SCRIPT_OUTPUT_FILE_0}\"\n";
			showEnvVarsInLog = 0;
		};
		6B018BBCD48B4CECC907F43D /* [CP] Embed Pods Frameworks */ = {
			isa = PBXShellScriptBuildPhase;
			buildActionMask = 2147483647;
			files = (
			);
			inputFileListPaths = (
				"${PODS_ROOT}/Target Support Files/Pods-MyPostsApp/Pods-MyPostsApp-frameworks-${CONFIGURATION}-input-files.xcfilelist",
			);
			name = "[CP] Embed Pods Frameworks";
			outputFileListPaths = (
				"${PODS_ROOT}/Target Support Files/Pods-MyPostsApp/Pods-MyPostsApp-frameworks-${CONFIGURATION}-output-files.xcfilelist",
			);
			runOnlyForDeploymentPostprocessing = 0;
			shellPath = /bin/sh;
			shellScript = "\"${PODS_ROOT}/Target Support Files/Pods-MyPostsApp/Pods-MyPostsApp-frameworks.sh\"\n";
			showEnvVarsInLog = 0;
		};
		B7B4CA2A59FBF7A2C3F1240F /* [CP] Check Pods Manifest.lock */ = {
			isa = PBXShellScriptBuildPhase;
			buildActionMask = 2147483647;
			files = (
			);
			inputFileListPaths = (
			);
			inputPaths = (
				"${PODS_PODFILE_DIR_PATH}/Podfile.lock",
				"${PODS_ROOT}/Manifest.lock",
			);
			name = "[CP] Check Pods Manifest.lock";
			outputFileListPaths = (
			);
			outputPaths = (
				"$(DERIVED_FILE_DIR)/Pods-MyPostsApp-checkManifestLockResult.txt",
			);
			runOnlyForDeploymentPostprocessing = 0;
			shellPath = /bin/sh;
			shellScript = "diff \"${PODS_PODFILE_DIR_PATH}/Podfile.lock\" \"${PODS_ROOT}/Manifest.lock\" > /dev/null\nif [ $? != 0 ] ; then\n    # print error to STDERR\n    echo \"error: The sandbox is not in sync with the Podfile.lock. Run 'pod install' or update your CocoaPods installation.\" >&2\n    exit 1\nfi\n# This output is used by Xcode 'outputs' to avoid re-running this script phase.\necho \"SUCCESS\" > \"${SCRIPT_OUTPUT_FILE_0}\"\n";
			showEnvVarsInLog = 0;
		};
		EA44B499ED922E631B50B311 /* [CP] Check Pods Manifest.lock */ = {
			isa = PBXShellScriptBuildPhase;
			buildActionMask = 2147483647;
			files = (
			);
			inputFileListPaths = (
			);
			inputPaths = (
				"${PODS_PODFILE_DIR_PATH}/Podfile.lock",
				"${PODS_ROOT}/Manifest.lock",
			);
			name = "[CP] Check Pods Manifest.lock";
			outputFileListPaths = (
			);
			outputPaths = (
				"$(DERIVED_FILE_DIR)/Pods-MyPostsAppTests-checkManifestLockResult.txt",
			);
			runOnlyForDeploymentPostprocessing = 0;
			shellPath = /bin/sh;
			shellScript = "diff \"${PODS_PODFILE_DIR_PATH}/Podfile.lock\" \"${PODS_ROOT}/Manifest.lock\" > /dev/null\nif [ $? != 0 ] ; then\n    # print error to STDERR\n    echo \"error: The sandbox is not in sync with the Podfile.lock. Run 'pod install' or update your CocoaPods installation.\" >&2\n    exit 1\nfi\n# This output is used by Xcode 'outputs' to avoid re-running this script phase.\necho \"SUCCESS\" > \"${SCRIPT_OUTPUT_FILE_0}\"\n";
			showEnvVarsInLog = 0;
		};
		F9C4E521E2844639A6A24320 /* [CP] Embed Pods Frameworks */ = {
			isa = PBXShellScriptBuildPhase;
			buildActionMask = 2147483647;
			files = (
			);
			inputFileListPaths = (
				"${PODS_ROOT}/Target Support Files/Pods-MyPostsApp-MyPostsAppUITests/Pods-MyPostsApp-MyPostsAppUITests-frameworks-${CONFIGURATION}-input-files.xcfilelist",
			);
			name = "[CP] Embed Pods Frameworks";
			outputFileListPaths = (
				"${PODS_ROOT}/Target Support Files/Pods-MyPostsApp-MyPostsAppUITests/Pods-MyPostsApp-MyPostsAppUITests-frameworks-${CONFIGURATION}-output-files.xcfilelist",
			);
			runOnlyForDeploymentPostprocessing = 0;
			shellPath = /bin/sh;
			shellScript = "\"${PODS_ROOT}/Target Support Files/Pods-MyPostsApp-MyPostsAppUITests/Pods-MyPostsApp-MyPostsAppUITests-frameworks.sh\"\n";
			showEnvVarsInLog = 0;
		};
/* End PBXShellScriptBuildPhase section */

/* Begin PBXSourcesBuildPhase section */
		356EA68929B35B8F00F70F81 /* Sources */ = {
			isa = PBXSourcesBuildPhase;
			buildActionMask = 2147483647;
			files = (
				356EA7E129B7D0A100F70F81 /* FavouritesViewModel.swift in Sources */,
				356EA7EC29B8B03300F70F81 /* LoginNetworkManager.swift in Sources */,
				356EA79E29B5019A00F70F81 /* PostViewModel.swift in Sources */,
				356EA80429BA74E300F70F81 /* Comments.swift in Sources */,
				356EA7A129B502CB00F70F81 /* PostsNetworkManager.swift in Sources */,
				356EA7E429B7FB1100F70F81 /* ExtensionFile.swift in Sources */,
				356EA80129BA733600F70F81 /* CommnetsNetworkManager.swift in Sources */,
				356EA7A829B5067E00F70F81 /* PostTableViewCell.swift in Sources */,
				356EA7F729B8E68D00F70F81 /* FavouriteRepository.swift in Sources */,
				356EA7DC29B7D01800F70F81 /* FavoriteTableViewCell.swift in Sources */,
				356EA7FE29BA729A00F70F81 /* CommnetsViewmodel.swift in Sources */,
				356EA7BE29B679D600F70F81 /*  CoreDataMyPosts.swift in Sources */,
				356EA7B829B5ED5F00F70F81 /* CommentsViewController.swift in Sources */,
				356EA79529B3EA3100F70F81 /* LoginViewController.swift in Sources */,
				356EA80729BA800E00F70F81 /* CommentsTableViewCell.swift in Sources */,
				356EA6CE29B367E000F70F81 /* PostsViewController.swift in Sources */,
				356EA69129B35B8F00F70F81 /* AppDelegate.swift in Sources */,
				356EA7D229B756EB00F70F81 /* PostsEntity+CoreDataProperties.swift in Sources */,
				356EA6C829B3672800F70F81 /* Posts.swift in Sources */,
				356EA7E929B8AB4300F70F81 /* APIEndPointModel.swift in Sources */,
				356EA69329B35B8F00F70F81 /* SceneDelegate.swift in Sources */,
				356EA6CC29B367CA00F70F81 /* FavoritesViewController.swift in Sources */,
				356EA79129B3EA0100F70F81 /* WindowCoordinator.swift in Sources */,
				356EA7D029B756EB00F70F81 /* PostsEntity+CoreDataClass.swift in Sources */,
				356EA79829B3EA4B00F70F81 /* LoginViewModel.swift in Sources */,
				356EA7B529B5ECBC00F70F81 /* BaseViewController.swift in Sources */,
				356EA80A29BA885D00F70F81 /* MyLabel.swift in Sources */,
				356EA79B29B3EA7B00F70F81 /* TabBarViewModel.swift in Sources */,
				356EA69B29B35B8F00F70F81 /* MyPostsApp.xcdatamodeld in Sources */,
				356EA7EF29B8BB4000F70F81 /* Constants.swift in Sources */,
			);
			runOnlyForDeploymentPostprocessing = 0;
		};
		356EA6A229B35B9100F70F81 /* Sources */ = {
			isa = PBXSourcesBuildPhase;
			buildActionMask = 2147483647;
			files = (
				356EA7BF29B679D600F70F81 /*  CoreDataMyPosts.swift in Sources */,
				356EA79F29B5019A00F70F81 /* PostViewModel.swift in Sources */,
				356EA79C29B3EA7B00F70F81 /* TabBarViewModel.swift in Sources */,
				356EA7F229B8C00000F70F81 /* PostListviewclass.swift in Sources */,
				356EA7F429B8C01400F70F81 /* FavouritesListClass.swift in Sources */,
				356EA7B929B5ED5F00F70F81 /* CommentsViewController.swift in Sources */,
				356EA80229BA733600F70F81 /* CommnetsNetworkManager.swift in Sources */,
				356EA80829BA800E00F70F81 /* CommentsTableViewCell.swift in Sources */,
				356EA83629BBAD5D00F70F81 /* FavoritesViewController.swift in Sources */,
				356EA7F829B8E68D00F70F81 /* FavouriteRepository.swift in Sources */,
				356EA7D129B756EB00F70F81 /* PostsEntity+CoreDataClass.swift in Sources */,
				356EA7FA29B9312800F70F81 /* AppDelegate.swift in Sources */,
				356EA80B29BA885D00F70F81 /* MyLabel.swift in Sources */,
				356EA81C29BBA52F00F70F81 /* PostsViewController.swift in Sources */,
				356EA7F529B8C64E00F70F81 /* Posts.swift in Sources */,
				356EA7E229B7D0A100F70F81 /* FavouritesViewModel.swift in Sources */,
				356EA7DD29B7D01800F70F81 /* FavoriteTableViewCell.swift in Sources */,
				356EA79929B3EA4B00F70F81 /* LoginViewModel.swift in Sources */,
				356EA79629B3EA3100F70F81 /* LoginViewController.swift in Sources */,
				356EA7A229B502CB00F70F81 /* PostsNetworkManager.swift in Sources */,
				356EA7B629B5ECBC00F70F81 /* BaseViewController.swift in Sources */,
				356EA80D29BB73FC00F70F81 /* CommentsListTest.swift in Sources */,
				356EA82629BBACB400F70F81 /* MyPostsApp.xcdatamodeld in Sources */,
				356EA7FC29BA3CBA00F70F81 /* LoginViewModelTests.swift in Sources */,
				356EA7F029B8BB4000F70F81 /* Constants.swift in Sources */,
				356EA7E729B7FBFD00F70F81 /* SceneDelegate.swift in Sources */,
				356EA7E529B7FB1100F70F81 /* ExtensionFile.swift in Sources */,
				356EA79229B3EA0100F70F81 /* WindowCoordinator.swift in Sources */,
				356EA7ED29B8B03300F70F81 /* LoginNetworkManager.swift in Sources */,
				356EA7D329B756EB00F70F81 /* PostsEntity+CoreDataProperties.swift in Sources */,
				356EA80529BA74E300F70F81 /* Comments.swift in Sources */,
				356EA7A929B5067E00F70F81 /* PostTableViewCell.swift in Sources */,
				356EA7FF29BA729A00F70F81 /* CommnetsViewmodel.swift in Sources */,
				356EA7EA29B8AB4300F70F81 /* APIEndPointModel.swift in Sources */,
			);
			runOnlyForDeploymentPostprocessing = 0;
		};
		356EA6AC29B35B9100F70F81 /* Sources */ = {
			isa = PBXSourcesBuildPhase;
			buildActionMask = 2147483647;
			files = (
				356EA6B729B35B9100F70F81 /* MyPostsAppUITestsLaunchTests.swift in Sources */,
			);
			runOnlyForDeploymentPostprocessing = 0;
		};
/* End PBXSourcesBuildPhase section */

/* Begin PBXTargetDependency section */
		356EA6A829B35B9100F70F81 /* PBXTargetDependency */ = {
			isa = PBXTargetDependency;
			target = 356EA68C29B35B8F00F70F81 /* MyPostsApp */;
			targetProxy = 356EA6A729B35B9100F70F81 /* PBXContainerItemProxy */;
		};
		356EA6B229B35B9100F70F81 /* PBXTargetDependency */ = {
			isa = PBXTargetDependency;
			target = 356EA68C29B35B8F00F70F81 /* MyPostsApp */;
			targetProxy = 356EA6B129B35B9100F70F81 /* PBXContainerItemProxy */;
		};
/* End PBXTargetDependency section */

/* Begin PBXVariantGroup section */
		356EA69629B35B8F00F70F81 /* Main.storyboard */ = {
			isa = PBXVariantGroup;
			children = (
				356EA69729B35B8F00F70F81 /* Base */,
			);
			name = Main.storyboard;
			sourceTree = "<group>";
		};
		356EA69E29B35B9100F70F81 /* LaunchScreen.storyboard */ = {
			isa = PBXVariantGroup;
			children = (
				356EA69F29B35B9100F70F81 /* Base */,
			);
			name = LaunchScreen.storyboard;
			sourceTree = "<group>";
		};
/* End PBXVariantGroup section */

/* Begin XCBuildConfiguration section */
		356EA6B829B35B9100F70F81 /* Debug */ = {
			isa = XCBuildConfiguration;
			buildSettings = {
				ALWAYS_SEARCH_USER_PATHS = NO;
				CLANG_ANALYZER_NONNULL = YES;
				CLANG_ANALYZER_NUMBER_OBJECT_CONVERSION = YES_AGGRESSIVE;
				CLANG_CXX_LANGUAGE_STANDARD = "gnu++17";
				CLANG_ENABLE_MODULES = YES;
				CLANG_ENABLE_OBJC_ARC = YES;
				CLANG_ENABLE_OBJC_WEAK = YES;
				CLANG_WARN_BLOCK_CAPTURE_AUTORELEASING = YES;
				CLANG_WARN_BOOL_CONVERSION = YES;
				CLANG_WARN_COMMA = YES;
				CLANG_WARN_CONSTANT_CONVERSION = YES;
				CLANG_WARN_DEPRECATED_OBJC_IMPLEMENTATIONS = YES;
				CLANG_WARN_DIRECT_OBJC_ISA_USAGE = YES_ERROR;
				CLANG_WARN_DOCUMENTATION_COMMENTS = YES;
				CLANG_WARN_EMPTY_BODY = YES;
				CLANG_WARN_ENUM_CONVERSION = YES;
				CLANG_WARN_INFINITE_RECURSION = YES;
				CLANG_WARN_INT_CONVERSION = YES;
				CLANG_WARN_NON_LITERAL_NULL_CONVERSION = YES;
				CLANG_WARN_OBJC_IMPLICIT_RETAIN_SELF = YES;
				CLANG_WARN_OBJC_LITERAL_CONVERSION = YES;
				CLANG_WARN_OBJC_ROOT_CLASS = YES_ERROR;
				CLANG_WARN_QUOTED_INCLUDE_IN_FRAMEWORK_HEADER = YES;
				CLANG_WARN_RANGE_LOOP_ANALYSIS = YES;
				CLANG_WARN_STRICT_PROTOTYPES = YES;
				CLANG_WARN_SUSPICIOUS_MOVE = YES;
				CLANG_WARN_UNGUARDED_AVAILABILITY = YES_AGGRESSIVE;
				CLANG_WARN_UNREACHABLE_CODE = YES;
				CLANG_WARN__DUPLICATE_METHOD_MATCH = YES;
				COPY_PHASE_STRIP = NO;
				DEBUG_INFORMATION_FORMAT = dwarf;
				ENABLE_STRICT_OBJC_MSGSEND = YES;
				ENABLE_TESTABILITY = YES;
				GCC_C_LANGUAGE_STANDARD = gnu11;
				GCC_DYNAMIC_NO_PIC = NO;
				GCC_NO_COMMON_BLOCKS = YES;
				GCC_OPTIMIZATION_LEVEL = 0;
				GCC_PREPROCESSOR_DEFINITIONS = (
					"DEBUG=1",
					"$(inherited)",
				);
				GCC_WARN_64_TO_32_BIT_CONVERSION = YES;
				GCC_WARN_ABOUT_RETURN_TYPE = YES_ERROR;
				GCC_WARN_UNDECLARED_SELECTOR = YES;
				GCC_WARN_UNINITIALIZED_AUTOS = YES_AGGRESSIVE;
				GCC_WARN_UNUSED_FUNCTION = YES;
				GCC_WARN_UNUSED_VARIABLE = YES;
				IPHONEOS_DEPLOYMENT_TARGET = 15.5;
				MTL_ENABLE_DEBUG_INFO = INCLUDE_SOURCE;
				MTL_FAST_MATH = YES;
				ONLY_ACTIVE_ARCH = YES;
				SDKROOT = iphoneos;
				SWIFT_ACTIVE_COMPILATION_CONDITIONS = DEBUG;
				SWIFT_OPTIMIZATION_LEVEL = "-Onone";
			};
			name = Debug;
		};
		356EA6B929B35B9100F70F81 /* Release */ = {
			isa = XCBuildConfiguration;
			buildSettings = {
				ALWAYS_SEARCH_USER_PATHS = NO;
				CLANG_ANALYZER_NONNULL = YES;
				CLANG_ANALYZER_NUMBER_OBJECT_CONVERSION = YES_AGGRESSIVE;
				CLANG_CXX_LANGUAGE_STANDARD = "gnu++17";
				CLANG_ENABLE_MODULES = YES;
				CLANG_ENABLE_OBJC_ARC = YES;
				CLANG_ENABLE_OBJC_WEAK = YES;
				CLANG_WARN_BLOCK_CAPTURE_AUTORELEASING = YES;
				CLANG_WARN_BOOL_CONVERSION = YES;
				CLANG_WARN_COMMA = YES;
				CLANG_WARN_CONSTANT_CONVERSION = YES;
				CLANG_WARN_DEPRECATED_OBJC_IMPLEMENTATIONS = YES;
				CLANG_WARN_DIRECT_OBJC_ISA_USAGE = YES_ERROR;
				CLANG_WARN_DOCUMENTATION_COMMENTS = YES;
				CLANG_WARN_EMPTY_BODY = YES;
				CLANG_WARN_ENUM_CONVERSION = YES;
				CLANG_WARN_INFINITE_RECURSION = YES;
				CLANG_WARN_INT_CONVERSION = YES;
				CLANG_WARN_NON_LITERAL_NULL_CONVERSION = YES;
				CLANG_WARN_OBJC_IMPLICIT_RETAIN_SELF = YES;
				CLANG_WARN_OBJC_LITERAL_CONVERSION = YES;
				CLANG_WARN_OBJC_ROOT_CLASS = YES_ERROR;
				CLANG_WARN_QUOTED_INCLUDE_IN_FRAMEWORK_HEADER = YES;
				CLANG_WARN_RANGE_LOOP_ANALYSIS = YES;
				CLANG_WARN_STRICT_PROTOTYPES = YES;
				CLANG_WARN_SUSPICIOUS_MOVE = YES;
				CLANG_WARN_UNGUARDED_AVAILABILITY = YES_AGGRESSIVE;
				CLANG_WARN_UNREACHABLE_CODE = YES;
				CLANG_WARN__DUPLICATE_METHOD_MATCH = YES;
				COPY_PHASE_STRIP = NO;
				DEBUG_INFORMATION_FORMAT = "dwarf-with-dsym";
				ENABLE_NS_ASSERTIONS = NO;
				ENABLE_STRICT_OBJC_MSGSEND = YES;
				GCC_C_LANGUAGE_STANDARD = gnu11;
				GCC_NO_COMMON_BLOCKS = YES;
				GCC_WARN_64_TO_32_BIT_CONVERSION = YES;
				GCC_WARN_ABOUT_RETURN_TYPE = YES_ERROR;
				GCC_WARN_UNDECLARED_SELECTOR = YES;
				GCC_WARN_UNINITIALIZED_AUTOS = YES_AGGRESSIVE;
				GCC_WARN_UNUSED_FUNCTION = YES;
				GCC_WARN_UNUSED_VARIABLE = YES;
				IPHONEOS_DEPLOYMENT_TARGET = 15.5;
				MTL_ENABLE_DEBUG_INFO = NO;
				MTL_FAST_MATH = YES;
				SDKROOT = iphoneos;
				SWIFT_COMPILATION_MODE = wholemodule;
				SWIFT_OPTIMIZATION_LEVEL = "-O";
				VALIDATE_PRODUCT = YES;
			};
			name = Release;
		};
		356EA6BB29B35B9100F70F81 /* Debug */ = {
			isa = XCBuildConfiguration;
			baseConfigurationReference = F67ACDE95258D2B69F697A16 /* Pods-MyPostsApp.debug.xcconfig */;
			buildSettings = {
				ASSETCATALOG_COMPILER_APPICON_NAME = AppIcon;
				ASSETCATALOG_COMPILER_GLOBAL_ACCENT_COLOR_NAME = AccentColor;
				CODE_SIGN_STYLE = Automatic;
				CURRENT_PROJECT_VERSION = 1;
				DEVELOPMENT_TEAM = KXHJYH82SG;
				GENERATE_INFOPLIST_FILE = YES;
				INFOPLIST_FILE = MyPostsApp/Info.plist;
				INFOPLIST_KEY_UIApplicationSupportsIndirectInputEvents = YES;
				INFOPLIST_KEY_UILaunchStoryboardName = LaunchScreen;
				INFOPLIST_KEY_UIMainStoryboardFile = Main;
				INFOPLIST_KEY_UISupportedInterfaceOrientations = "UIInterfaceOrientationPortrait UIInterfaceOrientationPortraitUpsideDown";
				INFOPLIST_KEY_UISupportedInterfaceOrientations_iPad = "UIInterfaceOrientationPortrait UIInterfaceOrientationPortraitUpsideDown UIInterfaceOrientationLandscapeLeft UIInterfaceOrientationLandscapeRight";
				INFOPLIST_KEY_UISupportedInterfaceOrientations_iPhone = "UIInterfaceOrientationPortrait UIInterfaceOrientationLandscapeLeft UIInterfaceOrientationLandscapeRight";
				LD_RUNPATH_SEARCH_PATHS = (
					"$(inherited)",
					"@executable_path/Frameworks",
				);
				MARKETING_VERSION = 1.0;
				PRODUCT_BUNDLE_IDENTIFIER = com.development.MyPostsApp;
				PRODUCT_NAME = "$(TARGET_NAME)";
				SWIFT_EMIT_LOC_STRINGS = YES;
				SWIFT_VERSION = 5.0;
				TARGETED_DEVICE_FAMILY = "1,2";
			};
			name = Debug;
		};
		356EA6BC29B35B9100F70F81 /* Release */ = {
			isa = XCBuildConfiguration;
			baseConfigurationReference = 228C046FB43ECD083D750F07 /* Pods-MyPostsApp.release.xcconfig */;
			buildSettings = {
				ASSETCATALOG_COMPILER_APPICON_NAME = AppIcon;
				ASSETCATALOG_COMPILER_GLOBAL_ACCENT_COLOR_NAME = AccentColor;
				CODE_SIGN_STYLE = Automatic;
				CURRENT_PROJECT_VERSION = 1;
				DEVELOPMENT_TEAM = KXHJYH82SG;
				GENERATE_INFOPLIST_FILE = YES;
				INFOPLIST_FILE = MyPostsApp/Info.plist;
				INFOPLIST_KEY_UIApplicationSupportsIndirectInputEvents = YES;
				INFOPLIST_KEY_UILaunchStoryboardName = LaunchScreen;
				INFOPLIST_KEY_UIMainStoryboardFile = Main;
				INFOPLIST_KEY_UISupportedInterfaceOrientations = "UIInterfaceOrientationPortrait UIInterfaceOrientationPortraitUpsideDown";
				INFOPLIST_KEY_UISupportedInterfaceOrientations_iPad = "UIInterfaceOrientationPortrait UIInterfaceOrientationPortraitUpsideDown UIInterfaceOrientationLandscapeLeft UIInterfaceOrientationLandscapeRight";
				INFOPLIST_KEY_UISupportedInterfaceOrientations_iPhone = "UIInterfaceOrientationPortrait UIInterfaceOrientationLandscapeLeft UIInterfaceOrientationLandscapeRight";
				LD_RUNPATH_SEARCH_PATHS = (
					"$(inherited)",
					"@executable_path/Frameworks",
				);
				MARKETING_VERSION = 1.0;
				PRODUCT_BUNDLE_IDENTIFIER = com.development.MyPostsApp;
				PRODUCT_NAME = "$(TARGET_NAME)";
				SWIFT_EMIT_LOC_STRINGS = YES;
				SWIFT_VERSION = 5.0;
				TARGETED_DEVICE_FAMILY = "1,2";
			};
			name = Release;
		};
		356EA6BE29B35B9100F70F81 /* Debug */ = {
			isa = XCBuildConfiguration;
			baseConfigurationReference = AA4EA8F1D32AE1BFF97DBB93 /* Pods-MyPostsAppTests.debug.xcconfig */;
			buildSettings = {
				ALWAYS_EMBED_SWIFT_STANDARD_LIBRARIES = YES;
				BUNDLE_LOADER = "$(TEST_HOST)";
				CODE_SIGN_STYLE = Automatic;
				CURRENT_PROJECT_VERSION = 1;
				DEVELOPMENT_TEAM = KXHJYH82SG;
				GENERATE_INFOPLIST_FILE = YES;
				IPHONEOS_DEPLOYMENT_TARGET = 15.5;
				MARKETING_VERSION = 1.0;
				PRODUCT_BUNDLE_IDENTIFIER = com.development.MyPostsAppTests;
				PRODUCT_NAME = "$(TARGET_NAME)";
				SWIFT_EMIT_LOC_STRINGS = NO;
				SWIFT_VERSION = 5.0;
				TARGETED_DEVICE_FAMILY = "1,2";
				TEST_HOST = "$(BUILT_PRODUCTS_DIR)/MyPostsApp.app/MyPostsApp";
			};
			name = Debug;
		};
		356EA6BF29B35B9100F70F81 /* Release */ = {
			isa = XCBuildConfiguration;
			baseConfigurationReference = BA2D8DF056E4937097918003 /* Pods-MyPostsAppTests.release.xcconfig */;
			buildSettings = {
				ALWAYS_EMBED_SWIFT_STANDARD_LIBRARIES = YES;
				BUNDLE_LOADER = "$(TEST_HOST)";
				CODE_SIGN_STYLE = Automatic;
				CURRENT_PROJECT_VERSION = 1;
				DEVELOPMENT_TEAM = KXHJYH82SG;
				GENERATE_INFOPLIST_FILE = YES;
				IPHONEOS_DEPLOYMENT_TARGET = 15.5;
				MARKETING_VERSION = 1.0;
				PRODUCT_BUNDLE_IDENTIFIER = com.development.MyPostsAppTests;
				PRODUCT_NAME = "$(TARGET_NAME)";
				SWIFT_EMIT_LOC_STRINGS = NO;
				SWIFT_VERSION = 5.0;
				TARGETED_DEVICE_FAMILY = "1,2";
				TEST_HOST = "$(BUILT_PRODUCTS_DIR)/MyPostsApp.app/MyPostsApp";
			};
			name = Release;
		};
		356EA6C129B35B9100F70F81 /* Debug */ = {
			isa = XCBuildConfiguration;
			baseConfigurationReference = D539C9D1BACC4F4F61B017C9 /* Pods-MyPostsApp-MyPostsAppUITests.debug.xcconfig */;
			buildSettings = {
				ALWAYS_EMBED_SWIFT_STANDARD_LIBRARIES = YES;
				CODE_SIGN_STYLE = Automatic;
				CURRENT_PROJECT_VERSION = 1;
				DEVELOPMENT_TEAM = KXHJYH82SG;
				GENERATE_INFOPLIST_FILE = YES;
				MARKETING_VERSION = 1.0;
				PRODUCT_BUNDLE_IDENTIFIER = com.development.MyPostsAppUITests;
				PRODUCT_NAME = "$(TARGET_NAME)";
				SWIFT_EMIT_LOC_STRINGS = NO;
				SWIFT_VERSION = 5.0;
				TARGETED_DEVICE_FAMILY = "1,2";
				TEST_TARGET_NAME = MyPostsApp;
			};
			name = Debug;
		};
		356EA6C229B35B9100F70F81 /* Release */ = {
			isa = XCBuildConfiguration;
			baseConfigurationReference = D19FB06A20857C7970FF50C9 /* Pods-MyPostsApp-MyPostsAppUITests.release.xcconfig */;
			buildSettings = {
				ALWAYS_EMBED_SWIFT_STANDARD_LIBRARIES = YES;
				CODE_SIGN_STYLE = Automatic;
				CURRENT_PROJECT_VERSION = 1;
				DEVELOPMENT_TEAM = KXHJYH82SG;
				GENERATE_INFOPLIST_FILE = YES;
				MARKETING_VERSION = 1.0;
				PRODUCT_BUNDLE_IDENTIFIER = com.development.MyPostsAppUITests;
				PRODUCT_NAME = "$(TARGET_NAME)";
				SWIFT_EMIT_LOC_STRINGS = NO;
				SWIFT_VERSION = 5.0;
				TARGETED_DEVICE_FAMILY = "1,2";
				TEST_TARGET_NAME = MyPostsApp;
			};
			name = Release;
		};
/* End XCBuildConfiguration section */

/* Begin XCConfigurationList section */
		356EA68829B35B8F00F70F81 /* Build configuration list for PBXProject "MyPostsApp" */ = {
			isa = XCConfigurationList;
			buildConfigurations = (
				356EA6B829B35B9100F70F81 /* Debug */,
				356EA6B929B35B9100F70F81 /* Release */,
			);
			defaultConfigurationIsVisible = 0;
			defaultConfigurationName = Release;
		};
		356EA6BA29B35B9100F70F81 /* Build configuration list for PBXNativeTarget "MyPostsApp" */ = {
			isa = XCConfigurationList;
			buildConfigurations = (
				356EA6BB29B35B9100F70F81 /* Debug */,
				356EA6BC29B35B9100F70F81 /* Release */,
			);
			defaultConfigurationIsVisible = 0;
			defaultConfigurationName = Release;
		};
		356EA6BD29B35B9100F70F81 /* Build configuration list for PBXNativeTarget "MyPostsAppTests" */ = {
			isa = XCConfigurationList;
			buildConfigurations = (
				356EA6BE29B35B9100F70F81 /* Debug */,
				356EA6BF29B35B9100F70F81 /* Release */,
			);
			defaultConfigurationIsVisible = 0;
			defaultConfigurationName = Release;
		};
		356EA6C029B35B9100F70F81 /* Build configuration list for PBXNativeTarget "MyPostsAppUITests" */ = {
			isa = XCConfigurationList;
			buildConfigurations = (
				356EA6C129B35B9100F70F81 /* Debug */,
				356EA6C229B35B9100F70F81 /* Release */,
			);
			defaultConfigurationIsVisible = 0;
			defaultConfigurationName = Release;
		};
/* End XCConfigurationList section */

/* Begin XCVersionGroup section */
		356EA69929B35B8F00F70F81 /* MyPostsApp.xcdatamodeld */ = {
			isa = XCVersionGroup;
			children = (
				356EA69A29B35B8F00F70F81 /* MyPostsApp.xcdatamodel */,
			);
			currentVersion = 356EA69A29B35B8F00F70F81 /* MyPostsApp.xcdatamodel */;
			path = MyPostsApp.xcdatamodeld;
			sourceTree = "<group>";
			versionGroupType = wrapper.xcdatamodel;
		};
/* End XCVersionGroup section */
	};
	rootObject = 356EA68529B35B8F00F70F81 /* Project object */;
}
